// !$*UTF8*$!
{
	archiveVersion = 1;
	classes = {
	};
	objectVersion = 46;
	objects = {

/* Begin PBXBuildFile section */
		5A2F02F71F1C94350051913E /* AppDelegate.swift in Sources */ = {isa = PBXBuildFile; fileRef = 5A2F02F61F1C94350051913E /* AppDelegate.swift */; };
		5A2F02F91F1C94350051913E /* ViewController.swift in Sources */ = {isa = PBXBuildFile; fileRef = 5A2F02F81F1C94350051913E /* ViewController.swift */; };
		5A2F02FC1F1C94350051913E /* Main.storyboard in Resources */ = {isa = PBXBuildFile; fileRef = 5A2F02FA1F1C94350051913E /* Main.storyboard */; };
		5A2F02FE1F1C94350051913E /* Assets.xcassets in Resources */ = {isa = PBXBuildFile; fileRef = 5A2F02FD1F1C94350051913E /* Assets.xcassets */; };
		5A2F03011F1C94350051913E /* LaunchScreen.storyboard in Resources */ = {isa = PBXBuildFile; fileRef = 5A2F02FF1F1C94350051913E /* LaunchScreen.storyboard */; };
		5A2F03B21F1DE1500051913E /* UrlDataTransfer.swift in Sources */ = {isa = PBXBuildFile; fileRef = 5A2F03B11F1DE14F0051913E /* UrlDataTransfer.swift */; };
/* End PBXBuildFile section */

/* Begin PBXFileReference section */
		5A2F02F31F1C94350051913E /* FakeSquare.app */ = {isa = PBXFileReference; explicitFileType = wrapper.application; includeInIndex = 0; path = FakeSquare.app; sourceTree = BUILT_PRODUCTS_DIR; };
		5A2F02F61F1C94350051913E /* AppDelegate.swift */ = {isa = PBXFileReference; lastKnownFileType = sourcecode.swift; path = AppDelegate.swift; sourceTree = "<group>"; };
		5A2F02F81F1C94350051913E /* ViewController.swift */ = {isa = PBXFileReference; lastKnownFileType = sourcecode.swift; path = ViewController.swift; sourceTree = "<group>"; };
		5A2F02FB1F1C94350051913E /* Base */ = {isa = PBXFileReference; lastKnownFileType = file.storyboard; name = Base; path = Base.lproj/Main.storyboard; sourceTree = "<group>"; };
		5A2F02FD1F1C94350051913E /* Assets.xcassets */ = {isa = PBXFileReference; lastKnownFileType = folder.assetcatalog; path = Assets.xcassets; sourceTree = "<group>"; };
		5A2F03001F1C94350051913E /* Base */ = {isa = PBXFileReference; lastKnownFileType = file.storyboard; name = Base; path = Base.lproj/LaunchScreen.storyboard; sourceTree = "<group>"; };
		5A2F03021F1C94350051913E /* Info.plist */ = {isa = PBXFileReference; lastKnownFileType = text.plist.xml; path = Info.plist; sourceTree = "<group>"; };
		5A2F03B11F1DE14F0051913E /* UrlDataTransfer.swift */ = {isa = PBXFileReference; fileEncoding = 4; lastKnownFileType = sourcecode.swift; path = UrlDataTransfer.swift; sourceTree = "<group>"; };
/* End PBXFileReference section */

/* Begin PBXFrameworksBuildPhase section */
		5A2F02F01F1C94350051913E /* Frameworks */ = {
			isa = PBXFrameworksBuildPhase;
			buildActionMask = 2147483647;
			files = (
			);
			runOnlyForDeploymentPostprocessing = 0;
		};
/* End PBXFrameworksBuildPhase section */

/* Begin PBXGroup section */
		5A2F02EA1F1C94350051913E = {
			isa = PBXGroup;
			children = (
				5A2F02F51F1C94350051913E /* FakeSquare */,
				5A2F02F41F1C94350051913E /* Products */,
			);
			sourceTree = "<group>";
		};
		5A2F02F41F1C94350051913E /* Products */ = {
			isa = PBXGroup;
			children = (
				5A2F02F31F1C94350051913E /* FakeSquare.app */,
			);
			name = Products;
			sourceTree = "<group>";
		};
		5A2F02F51F1C94350051913E /* FakeSquare */ = {
			isa = PBXGroup;
			children = (
				5A2F02F61F1C94350051913E /* AppDelegate.swift */,
				5A2F02F81F1C94350051913E /* ViewController.swift */,
				5A2F02FA1F1C94350051913E /* Main.storyboard */,
				5A2F02FD1F1C94350051913E /* Assets.xcassets */,
				5A2F02FF1F1C94350051913E /* LaunchScreen.storyboard */,
				5A2F03021F1C94350051913E /* Info.plist */,
				5A2F03B11F1DE14F0051913E /* UrlDataTransfer.swift */,
			);
			path = FakeSquare;
			sourceTree = "<group>";
		};
/* End PBXGroup section */

/* Begin PBXNativeTarget section */
		5A2F02F21F1C94350051913E /* FakeSquare */ = {
			isa = PBXNativeTarget;
			buildConfigurationList = 5A2F03051F1C94350051913E /* Build configuration list for PBXNativeTarget "FakeSquare" */;
			buildPhases = (
				5A2F02EF1F1C94350051913E /* Sources */,
				5A2F02F01F1C94350051913E /* Frameworks */,
				5A2F02F11F1C94350051913E /* Resources */,
			);
			buildRules = (
			);
			dependencies = (
			);
			name = FakeSquare;
			productName = FakeSquare;
			productReference = 5A2F02F31F1C94350051913E /* FakeSquare.app */;
			productType = "com.apple.product-type.application";
		};
/* End PBXNativeTarget section */

/* Begin PBXProject section */
		5A2F02EB1F1C94350051913E /* Project object */ = {
			isa = PBXProject;
			attributes = {
				LastSwiftUpdateCheck = 0830;
				LastUpgradeCheck = 0830;
				ORGANIZATIONNAME = xxllexx;
				TargetAttributes = {
					5A2F02F21F1C94350051913E = {
						CreatedOnToolsVersion = 8.3.3;
						DevelopmentTeam = XPHGA2FMQQ;
						ProvisioningStyle = Automatic;
					};
				};
			};
			buildConfigurationList = 5A2F02EE1F1C94350051913E /* Build configuration list for PBXProject "FakeSquare" */;
			compatibilityVersion = "Xcode 3.2";
			developmentRegion = English;
			hasScannedForEncodings = 0;
			knownRegions = (
				English,
				en,
				Base,
			);
			mainGroup = 5A2F02EA1F1C94350051913E;
			productRefGroup = 5A2F02F41F1C94350051913E /* Products */;
			projectDirPath = "";
			projectRoot = "";
			targets = (
				5A2F02F21F1C94350051913E /* FakeSquare */,
			);
		};
/* End PBXProject section */

/* Begin PBXResourcesBuildPhase section */
		5A2F02F11F1C94350051913E /* Resources */ = {
			isa = PBXResourcesBuildPhase;
			buildActionMask = 2147483647;
			files = (
				5A2F03011F1C94350051913E /* LaunchScreen.storyboard in Resources */,
				5A2F02FE1F1C94350051913E /* Assets.xcassets in Resources */,
				5A2F02FC1F1C94350051913E /* Main.storyboard in Resources */,
			);
			runOnlyForDeploymentPostprocessing = 0;
		};
/* End PBXResourcesBuildPhase section */

/* Begin PBXSourcesBuildPhase section */
		5A2F02EF1F1C94350051913E /* Sources */ = {
			isa = PBXSourcesBuildPhase;
			buildActionMask = 2147483647;
			files = (
				5A2F02F91F1C94350051913E /* ViewController.swift in Sources */,
				5A2F03B21F1DE1500051913E /* UrlDataTransfer.swift in Sources */,
				5A2F02F71F1C94350051913E /* AppDelegate.swift in Sources */,
			);
			runOnlyForDeploymentPostprocessing = 0;
		};
/* End PBXSourcesBuildPhase section */

/* Begin PBXVariantGroup section */
		5A2F02FA1F1C94350051913E /* Main.storyboard */ = {
			isa = PBXVariantGroup;
			children = (
				5A2F02FB1F1C94350051913E /* Base */,
			);
			name = Main.storyboard;
			sourceTree = "<group>";
		};
		5A2F02FF1F1C94350051913E /* LaunchScreen.storyboard */ = {
			isa = PBXVariantGroup;
			children = (
				5A2F03001F1C94350051913E /* Base */,
			);
			name = LaunchScreen.storyboard;
			sourceTree = "<group>";
		};
/* End PBXVariantGroup section */

/* Begin XCBuildConfiguration section */
		5A2F03031F1C94350051913E /* Debug */ = {
			isa = XCBuildConfiguration;
			buildSettings = {
				ALWAYS_SEARCH_USER_PATHS = NO;
				CLANG_ANALYZER_NONNULL = YES;
				CLANG_ANALYZER_NUMBER_OBJECT_CONVERSION = YES_AGGRESSIVE;
				CLANG_CXX_LANGUAGE_STANDARD = "gnu++0x";
				CLANG_CXX_LIBRARY = "libc++";
				CLANG_ENABLE_MODULES = YES;
				CLANG_ENABLE_OBJC_ARC = YES;
				CLANG_WARN_BOOL_CONVERSION = YES;
				CLANG_WARN_CONSTANT_CONVERSION = YES;
				CLANG_WARN_DIRECT_OBJC_ISA_USAGE = YES_ERROR;
				CLANG_WARN_DOCUMENTATION_COMMENTS = YES;
				CLANG_WARN_EMPTY_BODY = YES;
				CLANG_WARN_ENUM_CONVERSION = YES;
				CLANG_WARN_INFINITE_RECURSION = YES;
				CLANG_WARN_INT_CONVERSION = YES;
				CLANG_WARN_OBJC_ROOT_CLASS = YES_ERROR;
				CLANG_WARN_SUSPICIOUS_MOVE = YES;
				CLANG_WARN_UNREACHABLE_CODE = YES;
				CLANG_WARN__DUPLICATE_METHOD_MATCH = YES;
				"CODE_SIGN_IDENTITY[sdk=iphoneos*]" = "iPhone Developer";
				COPY_PHASE_STRIP = NO;
				DEBUG_INFORMATION_FORMAT = dwarf;
				ENABLE_STRICT_OBJC_MSGSEND = YES;
				ENABLE_TESTABILITY = YES;
				GCC_C_LANGUAGE_STANDARD = gnu99;
				GCC_DYNAMIC_NO_PIC = NO;
				GCC_NO_COMMON_BLOCKS = YES;
				GCC_OPTIMIZATION_LEVEL = 0;
				GCC_PREPROCESSOR_DEFINITIONS = (
					"DEBUG=1",
					"$(inherited)",
				);
				GCC_WARN_64_TO_32_BIT_CONVERSION = YES;
				GCC_WARN_ABOUT_RETURN_TYPE = YES_ERROR;
				GCC_WARN_UNDECLARED_SELECTOR = YES;
				GCC_WARN_UNINITIALIZED_AUTOS = YES_AGGRESSIVE;
				GCC_WARN_UNUSED_FUNCTION = YES;
				GCC_WARN_UNUSED_VARIABLE = YES;
				IPHONEOS_DEPLOYMENT_TARGET = 10.3;
				MTL_ENABLE_DEBUG_INFO = YES;
				ONLY_ACTIVE_ARCH = YES;
				SDKROOT = iphoneos;
				SWIFT_ACTIVE_COMPILATION_CONDITIONS = DEBUG;
				SWIFT_OPTIMIZATION_LEVEL = "-Onone";
				TARGETED_DEVICE_FAMILY = "1,2";
			};
			name = Debug;
		};
		5A2F03041F1C94350051913E /* Release */ = {
			isa = XCBuildConfiguration;
			buildSettings = {
				ALWAYS_SEARCH_USER_PATHS = NO;
				CLANG_ANALYZER_NONNULL = YES;
				CLANG_ANALYZER_NUMBER_OBJECT_CONVERSION = YES_AGGRESSIVE;
				CLANG_CXX_LANGUAGE_STANDARD = "gnu++0x";
				CLANG_CXX_LIBRARY = "libc++";
				CLANG_ENABLE_MODULES = YES;
				CLANG_ENABLE_OBJC_ARC = YES;
				CLANG_WARN_BOOL_CONVERSION = YES;
				CLANG_WARN_CONSTANT_CONVERSION = YES;
				CLANG_WARN_DIRECT_OBJC_ISA_USAGE = YES_ERROR;
				CLANG_WARN_DOCUMENTATION_COMMENTS = YES;
				CLANG_WARN_EMPTY_BODY = YES;
				CLANG_WARN_ENUM_CONVERSION = YES;
				CLANG_WARN_INFINITE_RECURSION = YES;
				CLANG_WARN_INT_CONVERSION = YES;
				CLANG_WARN_OBJC_ROOT_CLASS = YES_ERROR;
				CLANG_WARN_SUSPICIOUS_MOVE = YES;
				CLANG_WARN_UNREACHABLE_CODE = YES;
				CLANG_WARN__DUPLICATE_METHOD_MATCH = YES;
				"CODE_SIGN_IDENTITY[sdk=iphoneos*]" = "iPhone Developer";
				COPY_PHASE_STRIP = NO;
				DEBUG_INFORMATION_FORMAT = "dwarf-with-dsym";
				ENABLE_NS_ASSERTIONS = NO;
				ENABLE_STRICT_OBJC_MSGSEND = YES;
				GCC_C_LANGUAGE_STANDARD = gnu99;
				GCC_NO_COMMON_BLOCKS = YES;
				GCC_WARN_64_TO_32_BIT_CONVERSION = YES;
				GCC_WARN_ABOUT_RETURN_TYPE = YES_ERROR;
				GCC_WARN_UNDECLARED_SELECTOR = YES;
				GCC_WARN_UNINITIALIZED_AUTOS = YES_AGGRESSIVE;
				GCC_WARN_UNUSED_FUNCTION = YES;
				GCC_WARN_UNUSED_VARIABLE = YES;
				IPHONEOS_DEPLOYMENT_TARGET = 10.3;
				MTL_ENABLE_DEBUG_INFO = NO;
				SDKROOT = iphoneos;
				SWIFT_OPTIMIZATION_LEVEL = "-Owholemodule";
				TARGETED_DEVICE_FAMILY = "1,2";
				VALIDATE_PRODUCT = YES;
			};
			name = Release;
		};
		5A2F03061F1C94350051913E /* Debug */ = {
			isa = XCBuildConfiguration;
			buildSettings = {
				ASSETCATALOG_COMPILER_APPICON_NAME = AppIcon;
				DEVELOPMENT_TEAM = XPHGA2FMQQ;
				INFOPLIST_FILE = FakeSquare/Info.plist;
				LD_RUNPATH_SEARCH_PATHS = "$(inherited) @executable_path/Frameworks";
				PRODUCT_BUNDLE_IDENTIFIER = com.squareup.square;
				PRODUCT_NAME = "$(TARGET_NAME)";
				SWIFT_VERSION = 4.2;
			};
			name = Debug;
		};
		5A2F03071F1C94350051913E /* Release */ = {
			isa = XCBuildConfiguration;
			buildSettings = {
				ASSETCATALOG_COMPILER_APPICON_NAME = AppIcon;
				DEVELOPMENT_TEAM = XPHGA2FMQQ;
				INFOPLIST_FILE = FakeSquare/Info.plist;
				LD_RUNPATH_SEARCH_PATHS = "$(inherited) @executable_path/Frameworks";
				PRODUCT_BUNDLE_IDENTIFIER = com.squareup.square;
				PRODUCT_NAME = "$(TARGET_NAME)";
				SWIFT_VERSION = 4.2;
			};
			name = Release;
		};
/* End XCBuildConfiguration section */

/* Begin XCConfigurationList section */
		5A2F02EE1F1C94350051913E /* Build configuration list for PBXProject "FakeSquare" */ = {
			isa = XCConfigurationList;
			buildConfigurations = (
				5A2F03031F1C94350051913E /* Debug */,
				5A2F03041F1C94350051913E /* Release */,
			);
			defaultConfigurationIsVisible = 0;
			defaultConfigurationName = Release;
		};
		5A2F03051F1C94350051913E /* Build configuration list for PBXNativeTarget "FakeSquare" */ = {
			isa = XCConfigurationList;
			buildConfigurations = (
				5A2F03061F1C94350051913E /* Debug */,
				5A2F03071F1C94350051913E /* Release */,
			);
			defaultConfigurationIsVisible = 0;
			defaultConfigurationName = Release;
		};
/* End XCConfigurationList section */
	};
	rootObject = 5A2F02EB1F1C94350051913E /* Project object */;
}
